
Microsoft Visual Studio Solution File, Format Version 12.00
Project("{FAE04EC0-301F-11D3-BF4B-00C04F79EFBC}") = "Reemit.Decompiler.PE", "Reemit.Decompiler.PE\Reemit.Decompiler.PE.csproj", "{419A4727-CBCC-4696-A635-C6B619B1A3E0}"
EndProject
Project("{FAE04EC0-301F-11D3-BF4B-00C04F79EFBC}") = "Reemit.Decompiler.PE.UnitTests", "Reemit.Decompiler.PE.UnitTests\Reemit.Decompiler.PE.UnitTests.csproj", "{1957AD7F-B08D-49C5-B28D-41CDCC1D803B}"
EndProject
Project("{FAE04EC0-301F-11D3-BF4B-00C04F79EFBC}") = "Reemit.Common", "Reemit.Common\Reemit.Common.csproj", "{8242D0FA-6E29-4872-AAFD-4A340F28491B}"
EndProject
Project("{FAE04EC0-301F-11D3-BF4B-00C04F79EFBC}") = "Reemit.Decompiler.Clr", "Reemit.Decompiler.Clr\Reemit.Decompiler.Clr.csproj", "{7F5BEF62-1C4B-4654-ADBB-6A247BA027D6}"
EndProject
Project("{FAE04EC0-301F-11D3-BF4B-00C04F79EFBC}") = "Reemit.Decompiler.Clr.UnitTests", "Reemit.Decompiler.Clr.UnitTests\Reemit.Decompiler.Clr.UnitTests.csproj", "{7333055B-3E37-4C17-9D47-CB4E26596939}"
EndProject
Project("{FAE04EC0-301F-11D3-BF4B-00C04F79EFBC}") = "Reemit.Gui", "Reemit.Gui\Reemit.Gui.csproj", "{CD883634-DC81-4B78-9E67-38DDC80BC1DF}"
EndProject
Global
	GlobalSection(SolutionConfigurationPlatforms) = preSolution
		Debug|Any CPU = Debug|Any CPU
		Release|Any CPU = Release|Any CPU
	EndGlobalSection
	GlobalSection(ProjectConfigurationPlatforms) = postSolution
		{419A4727-CBCC-4696-A635-C6B619B1A3E0}.Debug|Any CPU.ActiveCfg = Debug|Any CPU
		{419A4727-CBCC-4696-A635-C6B619B1A3E0}.Debug|Any CPU.Build.0 = Debug|Any CPU
		{419A4727-CBCC-4696-A635-C6B619B1A3E0}.Release|Any CPU.ActiveCfg = Release|Any CPU
		{419A4727-CBCC-4696-A635-C6B619B1A3E0}.Release|Any CPU.Build.0 = Release|Any CPU
		{1957AD7F-B08D-49C5-B28D-41CDCC1D803B}.Debug|Any CPU.ActiveCfg = Debug|Any CPU
		{1957AD7F-B08D-49C5-B28D-41CDCC1D803B}.Debug|Any CPU.Build.0 = Debug|Any CPU
		{1957AD7F-B08D-49C5-B28D-41CDCC1D803B}.Release|Any CPU.ActiveCfg = Release|Any CPU
		{1957AD7F-B08D-49C5-B28D-41CDCC1D803B}.Release|Any CPU.Build.0 = Release|Any CPU
		{8242D0FA-6E29-4872-AAFD-4A340F28491B}.Debug|Any CPU.ActiveCfg = Debug|Any CPU
		{8242D0FA-6E29-4872-AAFD-4A340F28491B}.Debug|Any CPU.Build.0 = Debug|Any CPU
		{8242D0FA-6E29-4872-AAFD-4A340F28491B}.Release|Any CPU.ActiveCfg = Release|Any CPU
		{8242D0FA-6E29-4872-AAFD-4A340F28491B}.Release|Any CPU.Build.0 = Release|Any CPU
		{7F5BEF62-1C4B-4654-ADBB-6A247BA027D6}.Debug|Any CPU.ActiveCfg = Debug|Any CPU
		{7F5BEF62-1C4B-4654-ADBB-6A247BA027D6}.Debug|Any CPU.Build.0 = Debug|Any CPU
		{7F5BEF62-1C4B-4654-ADBB-6A247BA027D6}.Release|Any CPU.ActiveCfg = Release|Any CPU
		{7F5BEF62-1C4B-4654-ADBB-6A247BA027D6}.Release|Any CPU.Build.0 = Release|Any CPU
		{7333055B-3E37-4C17-9D47-CB4E26596939}.Debug|Any CPU.ActiveCfg = Debug|Any CPU
		{7333055B-3E37-4C17-9D47-CB4E26596939}.Debug|Any CPU.Build.0 = Debug|Any CPU
		{7333055B-3E37-4C17-9D47-CB4E26596939}.Release|Any CPU.ActiveCfg = Release|Any CPU
		{7333055B-3E37-4C17-9D47-CB4E26596939}.Release|Any CPU.Build.0 = Release|Any CPU
		{CD883634-DC81-4B78-9E67-38DDC80BC1DF}.Debug|Any CPU.ActiveCfg = Debug|Any CPU
		{CD883634-DC81-4B78-9E67-38DDC80BC1DF}.Debug|Any CPU.Build.0 = Debug|Any CPU
		{CD883634-DC81-4B78-9E67-38DDC80BC1DF}.Release|Any CPU.ActiveCfg = Release|Any CPU
		{CD883634-DC81-4B78-9E67-38DDC80BC1DF}.Release|Any CPU.Build.0 = Release|Any CPU
	EndGlobalSection
EndGlobal
